
Microsoft Visual Studio Solution File, Format Version 12.00
# Visual Studio Version 17
VisualStudioVersion = 17.2.32630.192
MinimumVisualStudioVersion = 10.0.40219.1
Project("{9A19103F-16F7-4668-BE54-9A1E7A4F7556}") = "R5T.Z0049", "R5T.Z0049\R5T.Z0049.csproj", "{A035C448-EA29-40A0-AA5D-38DB32B9AAA1}"
EndProject
Project("{9A19103F-16F7-4668-BE54-9A1E7A4F7556}") = "R5T.Z0049.Z001", "R5T.Z0049.Z001\R5T.Z0049.Z001.csproj", "{08DE31BE-3343-4C64-8748-68AE4C5DED2E}"
EndProject
Project("{2150E333-8FDC-42A3-9474-1A3956D46DE8}") = "_Dependencies", "_Dependencies", "{B247FE01-533B-4616-9DB1-A0B2DAE59E26}"
EndProject
Project("{9A19103F-16F7-4668-BE54-9A1E7A4F7556}") = "R5T.F0000", "..\..\R5T.F0000\source\R5T.F0000\R5T.F0000.csproj", "{1F3B1556-DDBB-4DF4-B072-53441B2028BA}"
EndProject
Project("{9A19103F-16F7-4668-BE54-9A1E7A4F7556}") = "R5T.F0002", "..\..\R5T.F0002\source\R5T.F0002\R5T.F0002.csproj", "{872D4982-1313-4F75-BF2A-30FDCD98D380}"
EndProject
Project("{9A19103F-16F7-4668-BE54-9A1E7A4F7556}") = "R5T.F0120", "..\..\R5T.F0120\source\R5T.F0120\R5T.F0120.csproj", "{7527F456-A52C-4FAA-816E-4E6367B6FC99}"
EndProject
Project("{9A19103F-16F7-4668-BE54-9A1E7A4F7556}") = "R5T.F0124", "..\..\R5T.F0124\source\R5T.F0124\R5T.F0124.csproj", "{BB9C7188-D05C-48F7-A7B0-CDA6B32AD780}"
EndProject
Project("{9A19103F-16F7-4668-BE54-9A1E7A4F7556}") = "R5T.F0125", "..\..\R5T.F0125\source\R5T.F0125\R5T.F0125.csproj", "{28025D0C-FAB2-4E53-B240-F43C6F7E56A0}"
EndProject
Project("{9A19103F-16F7-4668-BE54-9A1E7A4F7556}") = "R5T.L0030.T000", "..\..\R5T.L0030\source\R5T.L0030.T000\R5T.L0030.T000.csproj", "{F608BC06-2BED-41C6-A014-10B9FF9272C1}"
EndProject
Project("{9A19103F-16F7-4668-BE54-9A1E7A4F7556}") = "R5T.L0030", "..\..\R5T.L0030\source\R5T.L0030\R5T.L0030.csproj", "{FDD8253D-095C-4759-AB4E-91278556ECE7}"
EndProject
Project("{9A19103F-16F7-4668-BE54-9A1E7A4F7556}") = "R5T.L0034", "..\..\R5T.L0034\source\R5T.L0034\R5T.L0034.csproj", "{436F744C-8236-4B77-A584-EBA3C281FF49}"
EndProject
Project("{9A19103F-16F7-4668-BE54-9A1E7A4F7556}") = "R5T.L0035", "..\..\R5T.L0035\source\R5T.L0035\R5T.L0035.csproj", "{12858EFD-B6C8-46EE-90D6-C85B3CF6D747}"
EndProject
Project("{9A19103F-16F7-4668-BE54-9A1E7A4F7556}") = "R5T.T0131", "..\..\R5T.T0131\source\R5T.T0131\R5T.T0131.csproj", "{3D627A1C-8C18-4197-A61D-4D288C0FD59C}"
EndProject
Project("{9A19103F-16F7-4668-BE54-9A1E7A4F7556}") = "R5T.T0132", "..\..\R5T.T0132\source\R5T.T0132\R5T.T0132.csproj", "{C88A4FEA-DD3E-4A70-91CF-87B14175F15D}"
EndProject
Project("{9A19103F-16F7-4668-BE54-9A1E7A4F7556}") = "R5T.T0142", "..\..\R5T.T0142\source\R5T.T0142\R5T.T0142.csproj", "{5EB4443E-5E2A-4510-B16C-C33BD6EBCF05}"
EndProject
Project("{9A19103F-16F7-4668-BE54-9A1E7A4F7556}") = "R5T.T0143", "..\..\R5T.T0143\source\R5T.T0143\R5T.T0143.csproj", "{5F47255B-FAE8-40D1-BD9D-41584734BC9A}"
EndProject
Project("{9A19103F-16F7-4668-BE54-9A1E7A4F7556}") = "R5T.T0156", "..\..\R5T.T0156\source\R5T.T0156\R5T.T0156.csproj", "{6C5104E6-6E26-456F-B9EA-15B0E97B6616}"
EndProject
Project("{9A19103F-16F7-4668-BE54-9A1E7A4F7556}") = "R5T.T0174", "..\..\R5T.T0174\source\R5T.T0174\R5T.T0174.csproj", "{C2C95294-6CBA-4D12-870C-73EBAE513E42}"
EndProject
Project("{9A19103F-16F7-4668-BE54-9A1E7A4F7556}") = "R5T.T0176", "..\..\R5T.T0176\source\R5T.T0176\R5T.T0176.csproj", "{453E4ECB-06F8-4357-BAF5-78F00859EE3B}"
EndProject
Project("{9A19103F-16F7-4668-BE54-9A1E7A4F7556}") = "R5T.T0177", "..\..\R5T.T0177\source\R5T.T0177\R5T.T0177.csproj", "{AC63F062-86C2-4F08-A367-1291E30A4FC4}"
EndProject
Project("{9A19103F-16F7-4668-BE54-9A1E7A4F7556}") = "R5T.T0178", "..\..\R5T.T0178\source\R5T.T0178\R5T.T0178.csproj", "{AE613DCF-4FF8-4844-AC28-EA5204F7B433}"
EndProject
Project("{9A19103F-16F7-4668-BE54-9A1E7A4F7556}") = "R5T.T0179", "..\..\R5T.T0179\source\R5T.T0179\R5T.T0179.csproj", "{ECD094D7-8836-45F2-8EF1-C70A107103EA}"
EndProject
Project("{9A19103F-16F7-4668-BE54-9A1E7A4F7556}") = "R5T.T0180", "..\..\R5T.T0180\source\R5T.T0180\R5T.T0180.csproj", "{F69BAC37-B4C5-4CFC-904B-4D2F2FB0FED0}"
EndProject
Project("{9A19103F-16F7-4668-BE54-9A1E7A4F7556}") = "R5T.T0181", "..\..\R5T.T0181\source\R5T.T0181\R5T.T0181.csproj", "{11D1F780-B4FE-4BF5-98A1-3F774D9A8213}"
EndProject
Project("{9A19103F-16F7-4668-BE54-9A1E7A4F7556}") = "R5T.T0185", "..\..\R5T.T0185\source\R5T.T0185\R5T.T0185.csproj", "{C924249B-2005-46A4-BF59-8B259F6467C6}"
EndProject
Project("{9A19103F-16F7-4668-BE54-9A1E7A4F7556}") = "R5T.Y0000", "..\..\R5T.Y0000\source\R5T.Y0000\R5T.Y0000.csproj", "{3DAE7E3F-F98C-4584-A1F7-02EB9B9BDE92}"
EndProject
Project("{9A19103F-16F7-4668-BE54-9A1E7A4F7556}") = "R5T.Z0000", "..\..\R5T.Z0000\source\R5T.Z0000\R5T.Z0000.csproj", "{28630C8E-E057-447F-BDBD-6324EAE75F1E}"
EndProject
Project("{9A19103F-16F7-4668-BE54-9A1E7A4F7556}") = "R5T.T0203", "..\..\R5T.T0203\source\R5T.T0203\R5T.T0203.csproj", "{7087C48D-898D-4271-979E-CD2D8FF77F98}"
EndProject
Project("{9A19103F-16F7-4668-BE54-9A1E7A4F7556}") = "R5T.Z0049.Z002", "R5T.Z0049.Z002\R5T.Z0049.Z002.csproj", "{027DFEEB-A0A5-4B1F-8558-676460220B4E}"
EndProject
Global
	GlobalSection(NestedProjects) = preSolution
		{1F3B1556-DDBB-4DF4-B072-53441B2028BA} = {B247FE01-533B-4616-9DB1-A0B2DAE59E26}
		{872D4982-1313-4F75-BF2A-30FDCD98D380} = {B247FE01-533B-4616-9DB1-A0B2DAE59E26}
		{7527F456-A52C-4FAA-816E-4E6367B6FC99} = {B247FE01-533B-4616-9DB1-A0B2DAE59E26}
		{BB9C7188-D05C-48F7-A7B0-CDA6B32AD780} = {B247FE01-533B-4616-9DB1-A0B2DAE59E26}
		{28025D0C-FAB2-4E53-B240-F43C6F7E56A0} = {B247FE01-533B-4616-9DB1-A0B2DAE59E26}
		{F608BC06-2BED-41C6-A014-10B9FF9272C1} = {B247FE01-533B-4616-9DB1-A0B2DAE59E26}
		{FDD8253D-095C-4759-AB4E-91278556ECE7} = {B247FE01-533B-4616-9DB1-A0B2DAE59E26}
		{436F744C-8236-4B77-A584-EBA3C281FF49} = {B247FE01-533B-4616-9DB1-A0B2DAE59E26}
		{12858EFD-B6C8-46EE-90D6-C85B3CF6D747} = {B247FE01-533B-4616-9DB1-A0B2DAE59E26}
		{3D627A1C-8C18-4197-A61D-4D288C0FD59C} = {B247FE01-533B-4616-9DB1-A0B2DAE59E26}
		{C88A4FEA-DD3E-4A70-91CF-87B14175F15D} = {B247FE01-533B-4616-9DB1-A0B2DAE59E26}
		{5EB4443E-5E2A-4510-B16C-C33BD6EBCF05} = {B247FE01-533B-4616-9DB1-A0B2DAE59E26}
		{5F47255B-FAE8-40D1-BD9D-41584734BC9A} = {B247FE01-533B-4616-9DB1-A0B2DAE59E26}
		{6C5104E6-6E26-456F-B9EA-15B0E97B6616} = {B247FE01-533B-4616-9DB1-A0B2DAE59E26}
		{C2C95294-6CBA-4D12-870C-73EBAE513E42} = {B247FE01-533B-4616-9DB1-A0B2DAE59E26}
		{453E4ECB-06F8-4357-BAF5-78F00859EE3B} = {B247FE01-533B-4616-9DB1-A0B2DAE59E26}
		{AC63F062-86C2-4F08-A367-1291E30A4FC4} = {B247FE01-533B-4616-9DB1-A0B2DAE59E26}
		{AE613DCF-4FF8-4844-AC28-EA5204F7B433} = {B247FE01-533B-4616-9DB1-A0B2DAE59E26}
		{ECD094D7-8836-45F2-8EF1-C70A107103EA} = {B247FE01-533B-4616-9DB1-A0B2DAE59E26}
		{F69BAC37-B4C5-4CFC-904B-4D2F2FB0FED0} = {B247FE01-533B-4616-9DB1-A0B2DAE59E26}
		{11D1F780-B4FE-4BF5-98A1-3F774D9A8213} = {B247FE01-533B-4616-9DB1-A0B2DAE59E26}
		{C924249B-2005-46A4-BF59-8B259F6467C6} = {B247FE01-533B-4616-9DB1-A0B2DAE59E26}
		{3DAE7E3F-F98C-4584-A1F7-02EB9B9BDE92} = {B247FE01-533B-4616-9DB1-A0B2DAE59E26}
		{28630C8E-E057-447F-BDBD-6324EAE75F1E} = {B247FE01-533B-4616-9DB1-A0B2DAE59E26}
		{7087C48D-898D-4271-979E-CD2D8FF77F98} = {B247FE01-533B-4616-9DB1-A0B2DAE59E26}
	EndGlobalSection
	GlobalSection(SolutionConfigurationPlatforms) = preSolution
		Debug|Any CPU = Debug|Any CPU
		Release|Any CPU = Release|Any CPU
	EndGlobalSection
	GlobalSection(ProjectConfigurationPlatforms) = postSolution
		{A035C448-EA29-40A0-AA5D-38DB32B9AAA1}.Debug|Any CPU.ActiveCfg = Debug|Any CPU
		{A035C448-EA29-40A0-AA5D-38DB32B9AAA1}.Debug|Any CPU.Build.0 = Debug|Any CPU
		{A035C448-EA29-40A0-AA5D-38DB32B9AAA1}.Release|Any CPU.ActiveCfg = Release|Any CPU
		{A035C448-EA29-40A0-AA5D-38DB32B9AAA1}.Release|Any CPU.Build.0 = Release|Any CPU
		{08DE31BE-3343-4C64-8748-68AE4C5DED2E}.Debug|Any CPU.ActiveCfg = Debug|Any CPU
		{08DE31BE-3343-4C64-8748-68AE4C5DED2E}.Debug|Any CPU.Build.0 = Debug|Any CPU
		{08DE31BE-3343-4C64-8748-68AE4C5DED2E}.Release|Any CPU.ActiveCfg = Release|Any CPU
		{08DE31BE-3343-4C64-8748-68AE4C5DED2E}.Release|Any CPU.Build.0 = Release|Any CPU
		{1F3B1556-DDBB-4DF4-B072-53441B2028BA}.Debug|Any CPU.ActiveCfg = Debug|Any CPU
		{1F3B1556-DDBB-4DF4-B072-53441B2028BA}.Debug|Any CPU.Build.0 = Debug|Any CPU
		{1F3B1556-DDBB-4DF4-B072-53441B2028BA}.Release|Any CPU.ActiveCfg = Release|Any CPU
		{1F3B1556-DDBB-4DF4-B072-53441B2028BA}.Release|Any CPU.Build.0 = Release|Any CPU
		{872D4982-1313-4F75-BF2A-30FDCD98D380}.Debug|Any CPU.ActiveCfg = Debug|Any CPU
		{872D4982-1313-4F75-BF2A-30FDCD98D380}.Debug|Any CPU.Build.0 = Debug|Any CPU
		{872D4982-1313-4F75-BF2A-30FDCD98D380}.Release|Any CPU.ActiveCfg = Release|Any CPU
		{872D4982-1313-4F75-BF2A-30FDCD98D380}.Release|Any CPU.Build.0 = Release|Any CPU
		{7527F456-A52C-4FAA-816E-4E6367B6FC99}.Debug|Any CPU.ActiveCfg = Debug|Any CPU
		{7527F456-A52C-4FAA-816E-4E6367B6FC99}.Debug|Any CPU.Build.0 = Debug|Any CPU
		{7527F456-A52C-4FAA-816E-4E6367B6FC99}.Release|Any CPU.ActiveCfg = Release|Any CPU
		{7527F456-A52C-4FAA-816E-4E6367B6FC99}.Release|Any CPU.Build.0 = Release|Any CPU
		{BB9C7188-D05C-48F7-A7B0-CDA6B32AD780}.Debug|Any CPU.ActiveCfg = Debug|Any CPU
		{BB9C7188-D05C-48F7-A7B0-CDA6B32AD780}.Debug|Any CPU.Build.0 = Debug|Any CPU
		{BB9C7188-D05C-48F7-A7B0-CDA6B32AD780}.Release|Any CPU.ActiveCfg = Release|Any CPU
		{BB9C7188-D05C-48F7-A7B0-CDA6B32AD780}.Release|Any CPU.Build.0 = Release|Any CPU
		{28025D0C-FAB2-4E53-B240-F43C6F7E56A0}.Debug|Any CPU.ActiveCfg = Debug|Any CPU
		{28025D0C-FAB2-4E53-B240-F43C6F7E56A0}.Debug|Any CPU.Build.0 = Debug|Any CPU
		{28025D0C-FAB2-4E53-B240-F43C6F7E56A0}.Release|Any CPU.ActiveCfg = Release|Any CPU
		{28025D0C-FAB2-4E53-B240-F43C6F7E56A0}.Release|Any CPU.Build.0 = Release|Any CPU
		{F608BC06-2BED-41C6-A014-10B9FF9272C1}.Debug|Any CPU.ActiveCfg = Debug|Any CPU
		{F608BC06-2BED-41C6-A014-10B9FF9272C1}.Debug|Any CPU.Build.0 = Debug|Any CPU
		{F608BC06-2BED-41C6-A014-10B9FF9272C1}.Release|Any CPU.ActiveCfg = Release|Any CPU
		{F608BC06-2BED-41C6-A014-10B9FF9272C1}.Release|Any CPU.Build.0 = Release|Any CPU
		{FDD8253D-095C-4759-AB4E-91278556ECE7}.Debug|Any CPU.ActiveCfg = Debug|Any CPU
		{FDD8253D-095C-4759-AB4E-91278556ECE7}.Debug|Any CPU.Build.0 = Debug|Any CPU
		{FDD8253D-095C-4759-AB4E-91278556ECE7}.Release|Any CPU.ActiveCfg = Release|Any CPU
		{FDD8253D-095C-4759-AB4E-91278556ECE7}.Release|Any CPU.Build.0 = Release|Any CPU
		{436F744C-8236-4B77-A584-EBA3C281FF49}.Debug|Any CPU.ActiveCfg = Debug|Any CPU
		{436F744C-8236-4B77-A584-EBA3C281FF49}.Debug|Any CPU.Build.0 = Debug|Any CPU
		{436F744C-8236-4B77-A584-EBA3C281FF49}.Release|Any CPU.ActiveCfg = Release|Any CPU
		{436F744C-8236-4B77-A584-EBA3C281FF49}.Release|Any CPU.Build.0 = Release|Any CPU
		{12858EFD-B6C8-46EE-90D6-C85B3CF6D747}.Debug|Any CPU.ActiveCfg = Debug|Any CPU
		{12858EFD-B6C8-46EE-90D6-C85B3CF6D747}.Debug|Any CPU.Build.0 = Debug|Any CPU
		{12858EFD-B6C8-46EE-90D6-C85B3CF6D747}.Release|Any CPU.ActiveCfg = Release|Any CPU
		{12858EFD-B6C8-46EE-90D6-C85B3CF6D747}.Release|Any CPU.Build.0 = Release|Any CPU
		{3D627A1C-8C18-4197-A61D-4D288C0FD59C}.Debug|Any CPU.ActiveCfg = Debug|Any CPU
		{3D627A1C-8C18-4197-A61D-4D288C0FD59C}.Debug|Any CPU.Build.0 = Debug|Any CPU
		{3D627A1C-8C18-4197-A61D-4D288C0FD59C}.Release|Any CPU.ActiveCfg = Release|Any CPU
		{3D627A1C-8C18-4197-A61D-4D288C0FD59C}.Release|Any CPU.Build.0 = Release|Any CPU
		{C88A4FEA-DD3E-4A70-91CF-87B14175F15D}.Debug|Any CPU.ActiveCfg = Debug|Any CPU
		{C88A4FEA-DD3E-4A70-91CF-87B14175F15D}.Debug|Any CPU.Build.0 = Debug|Any CPU
		{C88A4FEA-DD3E-4A70-91CF-87B14175F15D}.Release|Any CPU.ActiveCfg = Release|Any CPU
		{C88A4FEA-DD3E-4A70-91CF-87B14175F15D}.Release|Any CPU.Build.0 = Release|Any CPU
		{5EB4443E-5E2A-4510-B16C-C33BD6EBCF05}.Debug|Any CPU.ActiveCfg = Debug|Any CPU
		{5EB4443E-5E2A-4510-B16C-C33BD6EBCF05}.Debug|Any CPU.Build.0 = Debug|Any CPU
		{5EB4443E-5E2A-4510-B16C-C33BD6EBCF05}.Release|Any CPU.ActiveCfg = Release|Any CPU
		{5EB4443E-5E2A-4510-B16C-C33BD6EBCF05}.Release|Any CPU.Build.0 = Release|Any CPU
		{5F47255B-FAE8-40D1-BD9D-41584734BC9A}.Debug|Any CPU.ActiveCfg = Debug|Any CPU
		{5F47255B-FAE8-40D1-BD9D-41584734BC9A}.Debug|Any CPU.Build.0 = Debug|Any CPU
		{5F47255B-FAE8-40D1-BD9D-41584734BC9A}.Release|Any CPU.ActiveCfg = Release|Any CPU
		{5F47255B-FAE8-40D1-BD9D-41584734BC9A}.Release|Any CPU.Build.0 = Release|Any CPU
		{6C5104E6-6E26-456F-B9EA-15B0E97B6616}.Debug|Any CPU.ActiveCfg = Debug|Any CPU
		{6C5104E6-6E26-456F-B9EA-15B0E97B6616}.Debug|Any CPU.Build.0 = Debug|Any CPU
		{6C5104E6-6E26-456F-B9EA-15B0E97B6616}.Release|Any CPU.ActiveCfg = Release|Any CPU
		{6C5104E6-6E26-456F-B9EA-15B0E97B6616}.Release|Any CPU.Build.0 = Release|Any CPU
		{C2C95294-6CBA-4D12-870C-73EBAE513E42}.Debug|Any CPU.ActiveCfg = Debug|Any CPU
		{C2C95294-6CBA-4D12-870C-73EBAE513E42}.Debug|Any CPU.Build.0 = Debug|Any CPU
		{C2C95294-6CBA-4D12-870C-73EBAE513E42}.Release|Any CPU.ActiveCfg = Release|Any CPU
		{C2C95294-6CBA-4D12-870C-73EBAE513E42}.Release|Any CPU.Build.0 = Release|Any CPU
		{453E4ECB-06F8-4357-BAF5-78F00859EE3B}.Debug|Any CPU.ActiveCfg = Debug|Any CPU
		{453E4ECB-06F8-4357-BAF5-78F00859EE3B}.Debug|Any CPU.Build.0 = Debug|Any CPU
		{453E4ECB-06F8-4357-BAF5-78F00859EE3B}.Release|Any CPU.ActiveCfg = Release|Any CPU
		{453E4ECB-06F8-4357-BAF5-78F00859EE3B}.Release|Any CPU.Build.0 = Release|Any CPU
		{AC63F062-86C2-4F08-A367-1291E30A4FC4}.Debug|Any CPU.ActiveCfg = Debug|Any CPU
		{AC63F062-86C2-4F08-A367-1291E30A4FC4}.Debug|Any CPU.Build.0 = Debug|Any CPU
		{AC63F062-86C2-4F08-A367-1291E30A4FC4}.Release|Any CPU.ActiveCfg = Release|Any CPU
		{AC63F062-86C2-4F08-A367-1291E30A4FC4}.Release|Any CPU.Build.0 = Release|Any CPU
		{AE613DCF-4FF8-4844-AC28-EA5204F7B433}.Debug|Any CPU.ActiveCfg = Debug|Any CPU
		{AE613DCF-4FF8-4844-AC28-EA5204F7B433}.Debug|Any CPU.Build.0 = Debug|Any CPU
		{AE613DCF-4FF8-4844-AC28-EA5204F7B433}.Release|Any CPU.ActiveCfg = Release|Any CPU
		{AE613DCF-4FF8-4844-AC28-EA5204F7B433}.Release|Any CPU.Build.0 = Release|Any CPU
		{ECD094D7-8836-45F2-8EF1-C70A107103EA}.Debug|Any CPU.ActiveCfg = Debug|Any CPU
		{ECD094D7-8836-45F2-8EF1-C70A107103EA}.Debug|Any CPU.Build.0 = Debug|Any CPU
		{ECD094D7-8836-45F2-8EF1-C70A107103EA}.Release|Any CPU.ActiveCfg = Release|Any CPU
		{ECD094D7-8836-45F2-8EF1-C70A107103EA}.Release|Any CPU.Build.0 = Release|Any CPU
		{F69BAC37-B4C5-4CFC-904B-4D2F2FB0FED0}.Debug|Any CPU.ActiveCfg = Debug|Any CPU
		{F69BAC37-B4C5-4CFC-904B-4D2F2FB0FED0}.Debug|Any CPU.Build.0 = Debug|Any CPU
		{F69BAC37-B4C5-4CFC-904B-4D2F2FB0FED0}.Release|Any CPU.ActiveCfg = Release|Any CPU
		{F69BAC37-B4C5-4CFC-904B-4D2F2FB0FED0}.Release|Any CPU.Build.0 = Release|Any CPU
		{11D1F780-B4FE-4BF5-98A1-3F774D9A8213}.Debug|Any CPU.ActiveCfg = Debug|Any CPU
		{11D1F780-B4FE-4BF5-98A1-3F774D9A8213}.Debug|Any CPU.Build.0 = Debug|Any CPU
		{11D1F780-B4FE-4BF5-98A1-3F774D9A8213}.Release|Any CPU.ActiveCfg = Release|Any CPU
		{11D1F780-B4FE-4BF5-98A1-3F774D9A8213}.Release|Any CPU.Build.0 = Release|Any CPU
		{C924249B-2005-46A4-BF59-8B259F6467C6}.Debug|Any CPU.ActiveCfg = Debug|Any CPU
		{C924249B-2005-46A4-BF59-8B259F6467C6}.Debug|Any CPU.Build.0 = Debug|Any CPU
		{C924249B-2005-46A4-BF59-8B259F6467C6}.Release|Any CPU.ActiveCfg = Release|Any CPU
		{C924249B-2005-46A4-BF59-8B259F6467C6}.Release|Any CPU.Build.0 = Release|Any CPU
		{3DAE7E3F-F98C-4584-A1F7-02EB9B9BDE92}.Debug|Any CPU.ActiveCfg = Debug|Any CPU
		{3DAE7E3F-F98C-4584-A1F7-02EB9B9BDE92}.Debug|Any CPU.Build.0 = Debug|Any CPU
		{3DAE7E3F-F98C-4584-A1F7-02EB9B9BDE92}.Release|Any CPU.ActiveCfg = Release|Any CPU
		{3DAE7E3F-F98C-4584-A1F7-02EB9B9BDE92}.Release|Any CPU.Build.0 = Release|Any CPU
		{28630C8E-E057-447F-BDBD-6324EAE75F1E}.Debug|Any CPU.ActiveCfg = Debug|Any CPU
		{28630C8E-E057-447F-BDBD-6324EAE75F1E}.Debug|Any CPU.Build.0 = Debug|Any CPU
		{28630C8E-E057-447F-BDBD-6324EAE75F1E}.Release|Any CPU.ActiveCfg = Release|Any CPU
		{28630C8E-E057-447F-BDBD-6324EAE75F1E}.Release|Any CPU.Build.0 = Release|Any CPU
		{7087C48D-898D-4271-979E-CD2D8FF77F98}.Debug|Any CPU.ActiveCfg = Debug|Any CPU
		{7087C48D-898D-4271-979E-CD2D8FF77F98}.Debug|Any CPU.Build.0 = Debug|Any CPU
		{7087C48D-898D-4271-979E-CD2D8FF77F98}.Release|Any CPU.ActiveCfg = Release|Any CPU
		{7087C48D-898D-4271-979E-CD2D8FF77F98}.Release|Any CPU.Build.0 = Release|Any CPU
		{027DFEEB-A0A5-4B1F-8558-676460220B4E}.Debug|Any CPU.ActiveCfg = Debug|Any CPU
		{027DFEEB-A0A5-4B1F-8558-676460220B4E}.Debug|Any CPU.Build.0 = Debug|Any CPU
		{027DFEEB-A0A5-4B1F-8558-676460220B4E}.Release|Any CPU.ActiveCfg = Release|Any CPU
		{027DFEEB-A0A5-4B1F-8558-676460220B4E}.Release|Any CPU.Build.0 = Release|Any CPU
	EndGlobalSection
	GlobalSection(SolutionProperties) = preSolution
		HideSolutionNode = FALSE
	EndGlobalSection
	GlobalSection(ExtensibilityGlobals) = postSolution
		SolutionGuid = {25AB5C67-E6A4-480C-8CC7-920D1CB6D69A}
	EndGlobalSection
EndGlobal
